
Microsoft Visual Studio Solution File, Format Version 11.00
# Visual Studio 2010
Project("{FAE04EC0-301F-11D3-BF4B-00C04F79EFBC}") = "DG 期中 410504173", "Assembly-CSharp-firstpass.csproj", "{3B408800-5EF9-E2BB-A436-1ED769A53108}"
EndProject
Project("{FAE04EC0-301F-11D3-BF4B-00C04F79EFBC}") = "DG 期中 410504173", "Assembly-CSharp.csproj", "{D123CD48-6D1D-06A7-66E8-C614A990D485}"
EndProject
Project("{FAE04EC0-301F-11D3-BF4B-00C04F79EFBC}") = "DG 期中 410504173", "Assembly-CSharp-Editor-firstpass.csproj", "{D3599010-1822-E278-52E0-9BC01AF52AA2}"
EndProject
Global
	GlobalSection(SolutionConfigurationPlatforms) = preSolution
		Debug|Any CPU = Debug|Any CPU
		Release|Any CPU = Release|Any CPU
	EndGlobalSection
	GlobalSection(ProjectConfigurationPlatforms) = postSolution
		{3B408800-5EF9-E2BB-A436-1ED769A53108}.Debug|Any CPU.ActiveCfg = Debug|Any CPU
		{3B408800-5EF9-E2BB-A436-1ED769A53108}.Debug|Any CPU.Build.0 = Debug|Any CPU
		{3B408800-5EF9-E2BB-A436-1ED769A53108}.Release|Any CPU.ActiveCfg = Release|Any CPU
		{3B408800-5EF9-E2BB-A436-1ED769A53108}.Release|Any CPU.Build.0 = Release|Any CPU
		{D123CD48-6D1D-06A7-66E8-C614A990D485}.Debug|Any CPU.ActiveCfg = Debug|Any CPU
		{D123CD48-6D1D-06A7-66E8-C614A990D485}.Debug|Any CPU.Build.0 = Debug|Any CPU
		{D123CD48-6D1D-06A7-66E8-C614A990D485}.Release|Any CPU.ActiveCfg = Release|Any CPU
		{D123CD48-6D1D-06A7-66E8-C614A990D485}.Release|Any CPU.Build.0 = Release|Any CPU
		{D3599010-1822-E278-52E0-9BC01AF52AA2}.Debug|Any CPU.ActiveCfg = Debug|Any CPU
		{D3599010-1822-E278-52E0-9BC01AF52AA2}.Debug|Any CPU.Build.0 = Debug|Any CPU
		{D3599010-1822-E278-52E0-9BC01AF52AA2}.Release|Any CPU.ActiveCfg = Release|Any CPU
		{D3599010-1822-E278-52E0-9BC01AF52AA2}.Release|Any CPU.Build.0 = Release|Any CPU
	EndGlobalSection
	GlobalSection(SolutionProperties) = preSolution
		HideSolutionNode = FALSE
	EndGlobalSection
	GlobalSection(MonoDevelopProperties) = preSolution
		StartupItem = Assembly-CSharp.csproj
	EndGlobalSection
EndGlobal
